PODS:
  - Capacitor (5.0.0):
    - CapacitorCordova
  - CapacitorCordova (5.0.0)
  - CapacitorDevice (5.0.6):
    - Capacitor
  - CapacitorPluginSafeArea (2.0.5):
    - Capacitor
  - CapacitorSplashScreen (5.0.6):
    - Capacitor

DEPENDENCIES:
  - "Capacitor (from `../../node_modules/@capacitor/ios`)"
  - "CapacitorCordova (from `../../node_modules/@capacitor/ios`)"
  - "CapacitorDevice (from `../../node_modules/@capacitor/device`)"
  - CapacitorPluginSafeArea (from `../../node_modules/capacitor-plugin-safe-area`)
  - "CapacitorSplashScreen (from `../../node_modules/@capacitor/splash-screen`)"

EXTERNAL SOURCES:
  Capacitor:
    :path: "../../node_modules/@capacitor/ios"
  CapacitorCordova:
    :path: "../../node_modules/@capacitor/ios"
  CapacitorDevice:
    :path: "../../node_modules/@capacitor/device"
  CapacitorPluginSafeArea:
    :path: "../../node_modules/capacitor-plugin-safe-area"
  CapacitorSplashScreen:
    :path: "../../node_modules/@capacitor/splash-screen"

SPEC CHECKSUMS:
  Capacitor: b332cb737d447561e854039fb72195206685dce2
  CapacitorCordova: 4ea17670ee562680988a7ce9db68dee5160fe564
  CapacitorDevice: 2c968f98a1ec4d22357418c1521e7ddc46c675e6
  CapacitorPluginSafeArea: bfdd714827dbd89fb44fea286beec996e1b0c5c4
  CapacitorSplashScreen: 5fa2ab5e46cf5cc530cf16a51c80c7a986579ccd

PODFILE CHECKSUM: c4c0ba7ddce08e00363a196d82007d7e4c28d30f

COCOAPODS: 1.12.1
